
Microsoft Visual Studio Solution File, Format Version 12.00
# Visual Studio 15
Project("{FAE04EC0-301F-11D3-BF4B-00C04F79EFBC}") = "MagicLeap", "Assembly-CSharp.csproj", "{881866A8-0BE8-8405-3FD8-A7092D4265D9}"
EndProject
Project("{FAE04EC0-301F-11D3-BF4B-00C04F79EFBC}") = "MagicLeap", "Assembly-CSharp-Editor.csproj", "{983F821B-1119-3264-F70B-E48C2E066D0B}"
EndProject
Global
	GlobalSection(SolutionConfigurationPlatforms) = preSolution
		Debug|Any CPU = Debug|Any CPU
		Release|Any CPU = Release|Any CPU
	EndGlobalSection
	GlobalSection(ProjectConfigurationPlatforms) = postSolution
		{881866A8-0BE8-8405-3FD8-A7092D4265D9}.Debug|Any CPU.ActiveCfg = Debug|Any CPU
		{881866A8-0BE8-8405-3FD8-A7092D4265D9}.Debug|Any CPU.Build.0 = Debug|Any CPU
		{881866A8-0BE8-8405-3FD8-A7092D4265D9}.Release|Any CPU.ActiveCfg = Release|Any CPU
		{881866A8-0BE8-8405-3FD8-A7092D4265D9}.Release|Any CPU.Build.0 = Release|Any CPU
		{983F821B-1119-3264-F70B-E48C2E066D0B}.Debug|Any CPU.ActiveCfg = Debug|Any CPU
		{983F821B-1119-3264-F70B-E48C2E066D0B}.Debug|Any CPU.Build.0 = Debug|Any CPU
		{983F821B-1119-3264-F70B-E48C2E066D0B}.Release|Any CPU.ActiveCfg = Release|Any CPU
		{983F821B-1119-3264-F70B-E48C2E066D0B}.Release|Any CPU.Build.0 = Release|Any CPU
	EndGlobalSection
	GlobalSection(SolutionProperties) = preSolution
		HideSolutionNode = FALSE
	EndGlobalSection
EndGlobal
